// !$*UTF8*$!
{
	archiveVersion = 1;
	classes = {
	};
	objectVersion = 46;
	objects = {

/* Begin PBXBuildFile section */
		043A4CF41AD92C4600FF1009 /* WebViewController.swift in Sources */ = {isa = PBXBuildFile; fileRef = 043A4CF31AD92C4600FF1009 /* WebViewController.swift */; };
		04445E191A5D716500B3C6A0 /* AppDelegate.swift in Sources */ = {isa = PBXBuildFile; fileRef = 04445E181A5D716500B3C6A0 /* AppDelegate.swift */; };
		04445E1C1A5D716500B3C6A0 /* WebMangaAntennaReader.xcdatamodeld in Sources */ = {isa = PBXBuildFile; fileRef = 04445E1A1A5D716500B3C6A0 /* WebMangaAntennaReader.xcdatamodeld */; };
		04445E1E1A5D716500B3C6A0 /* ComicsViewController.swift in Sources */ = {isa = PBXBuildFile; fileRef = 04445E1D1A5D716500B3C6A0 /* ComicsViewController.swift */; };
		04445E211A5D716500B3C6A0 /* Main.storyboard in Resources */ = {isa = PBXBuildFile; fileRef = 04445E1F1A5D716500B3C6A0 /* Main.storyboard */; };
		04445E231A5D716500B3C6A0 /* Images.xcassets in Resources */ = {isa = PBXBuildFile; fileRef = 04445E221A5D716500B3C6A0 /* Images.xcassets */; };
		04445E261A5D716500B3C6A0 /* LaunchScreen.xib in Resources */ = {isa = PBXBuildFile; fileRef = 04445E241A5D716500B3C6A0 /* LaunchScreen.xib */; };
		04445E321A5D716600B3C6A0 /* WebMangaAntennaReaderTests.swift in Sources */ = {isa = PBXBuildFile; fileRef = 04445E311A5D716600B3C6A0 /* WebMangaAntennaReaderTests.swift */; };
		04445E3C1A5D765900B3C6A0 /* ComicCell.swift in Sources */ = {isa = PBXBuildFile; fileRef = 04445E3B1A5D765900B3C6A0 /* ComicCell.swift */; };
		044D55081ADF988D008312E9 /* ListSettingViewController.swift in Sources */ = {isa = PBXBuildFile; fileRef = 044D55071ADF988D008312E9 /* ListSettingViewController.swift */; };
		044D550C1ADFAE37008312E9 /* Constants.swift in Sources */ = {isa = PBXBuildFile; fileRef = 044D550B1ADFAE37008312E9 /* Constants.swift */; };
		049FAA901B04985100651FC3 /* SettingViewController.swift in Sources */ = {isa = PBXBuildFile; fileRef = 049FAA8F1B04985100651FC3 /* SettingViewController.swift */; };
		049FAA941B05959500651FC3 /* Social.framework in Frameworks */ = {isa = PBXBuildFile; fileRef = 049FAA931B05959500651FC3 /* Social.framework */; };
		049FAA981B05DDB000651FC3 /* splash@2x.png in Resources */ = {isa = PBXBuildFile; fileRef = 049FAA971B05DDB000651FC3 /* splash@2x.png */; };
		049FAA9C1B05DF6200651FC3 /* splash.png in Resources */ = {isa = PBXBuildFile; fileRef = 049FAA9A1B05DF6200651FC3 /* splash.png */; };
		049FAA9D1B05DF6200651FC3 /* splash@3x.png in Resources */ = {isa = PBXBuildFile; fileRef = 049FAA9B1B05DF6200651FC3 /* splash@3x.png */; };
		04B70FE71A6E96D000FC0377 /* Fetcher.swift in Sources */ = {isa = PBXBuildFile; fileRef = 04B70FE61A6E96D000FC0377 /* Fetcher.swift */; };
		04B70FEA1A6E994500FC0377 /* RemoteComic.swift in Sources */ = {isa = PBXBuildFile; fileRef = 04B70FE91A6E994500FC0377 /* RemoteComic.swift */; };
		04B70FF51A6EACDA00FC0377 /* HTMLScanner.swift in Sources */ = {isa = PBXBuildFile; fileRef = 04B70FF41A6EACDA00FC0377 /* HTMLScanner.swift */; };
		04B70FF71A6EAD1500FC0377 /* HTMLString.swift in Sources */ = {isa = PBXBuildFile; fileRef = 04B70FF61A6EAD1500FC0377 /* HTMLString.swift */; };
		04F65F0A1AD3E25900E42BE0 /* Comic.swift in Sources */ = {isa = PBXBuildFile; fileRef = 04F65F091AD3E25900E42BE0 /* Comic.swift */; };
		04F65F0C1AD3E29A00E42BE0 /* ComicDao.swift in Sources */ = {isa = PBXBuildFile; fileRef = 04F65F0B1AD3E29A00E42BE0 /* ComicDao.swift */; };
/* End PBXBuildFile section */

/* Begin PBXContainerItemProxy section */
		04445E2C1A5D716600B3C6A0 /* PBXContainerItemProxy */ = {
			isa = PBXContainerItemProxy;
			containerPortal = 04445E0B1A5D716500B3C6A0 /* Project object */;
			proxyType = 1;
			remoteGlobalIDString = 04445E121A5D716500B3C6A0;
			remoteInfo = WebMangaAntennaReader;
		};
/* End PBXContainerItemProxy section */

/* Begin PBXFileReference section */
		043A4CF31AD92C4600FF1009 /* WebViewController.swift */ = {isa = PBXFileReference; fileEncoding = 4; lastKnownFileType = sourcecode.swift; path = WebViewController.swift; sourceTree = "<group>"; };
		04445E131A5D716500B3C6A0 /* WebMangaAntennaReader.app */ = {isa = PBXFileReference; explicitFileType = wrapper.application; includeInIndex = 0; path = WebMangaAntennaReader.app; sourceTree = BUILT_PRODUCTS_DIR; };
		04445E171A5D716500B3C6A0 /* Info.plist */ = {isa = PBXFileReference; lastKnownFileType = text.plist.xml; path = Info.plist; sourceTree = "<group>"; };
		04445E181A5D716500B3C6A0 /* AppDelegate.swift */ = {isa = PBXFileReference; lastKnownFileType = sourcecode.swift; path = AppDelegate.swift; sourceTree = "<group>"; };
		04445E1B1A5D716500B3C6A0 /* WebMangaAntennaReader.xcdatamodel */ = {isa = PBXFileReference; lastKnownFileType = wrapper.xcdatamodel; path = WebMangaAntennaReader.xcdatamodel; sourceTree = "<group>"; };
		04445E1D1A5D716500B3C6A0 /* ComicsViewController.swift */ = {isa = PBXFileReference; lastKnownFileType = sourcecode.swift; path = ComicsViewController.swift; sourceTree = "<group>"; };
		04445E201A5D716500B3C6A0 /* Base */ = {isa = PBXFileReference; lastKnownFileType = file.storyboard; name = Base; path = Base.lproj/Main.storyboard; sourceTree = "<group>"; };
		04445E221A5D716500B3C6A0 /* Images.xcassets */ = {isa = PBXFileReference; lastKnownFileType = folder.assetcatalog; path = Images.xcassets; sourceTree = "<group>"; };
		04445E251A5D716500B3C6A0 /* Base */ = {isa = PBXFileReference; lastKnownFileType = file.xib; name = Base; path = Base.lproj/LaunchScreen.xib; sourceTree = "<group>"; };
		04445E2B1A5D716600B3C6A0 /* WebMangaAntennaReaderTests.xctest */ = {isa = PBXFileReference; explicitFileType = wrapper.cfbundle; includeInIndex = 0; path = WebMangaAntennaReaderTests.xctest; sourceTree = BUILT_PRODUCTS_DIR; };
		04445E301A5D716600B3C6A0 /* Info.plist */ = {isa = PBXFileReference; lastKnownFileType = text.plist.xml; path = Info.plist; sourceTree = "<group>"; };
		04445E311A5D716600B3C6A0 /* WebMangaAntennaReaderTests.swift */ = {isa = PBXFileReference; lastKnownFileType = sourcecode.swift; path = WebMangaAntennaReaderTests.swift; sourceTree = "<group>"; };
		04445E3B1A5D765900B3C6A0 /* ComicCell.swift */ = {isa = PBXFileReference; fileEncoding = 4; lastKnownFileType = sourcecode.swift; path = ComicCell.swift; sourceTree = "<group>"; };
		04445E3D1A5D883F00B3C6A0 /* ja */ = {isa = PBXFileReference; lastKnownFileType = text.plist.strings; name = ja; path = ja.lproj/Main.strings; sourceTree = "<group>"; };
		04445E3E1A5D883F00B3C6A0 /* ja */ = {isa = PBXFileReference; lastKnownFileType = text.plist.strings; name = ja; path = ja.lproj/LaunchScreen.strings; sourceTree = "<group>"; };
		044D55071ADF988D008312E9 /* ListSettingViewController.swift */ = {isa = PBXFileReference; fileEncoding = 4; lastKnownFileType = sourcecode.swift; path = ListSettingViewController.swift; sourceTree = "<group>"; };
		044D550B1ADFAE37008312E9 /* Constants.swift */ = {isa = PBXFileReference; fileEncoding = 4; lastKnownFileType = sourcecode.swift; path = Constants.swift; sourceTree = "<group>"; };
		049FAA8F1B04985100651FC3 /* SettingViewController.swift */ = {isa = PBXFileReference; fileEncoding = 4; lastKnownFileType = sourcecode.swift; path = SettingViewController.swift; sourceTree = "<group>"; };
		049FAA931B05959500651FC3 /* Social.framework */ = {isa = PBXFileReference; lastKnownFileType = wrapper.framework; name = Social.framework; path = System/Library/Frameworks/Social.framework; sourceTree = SDKROOT; };
		049FAA971B05DDB000651FC3 /* splash@2x.png */ = {isa = PBXFileReference; lastKnownFileType = image.png; path = "splash@2x.png"; sourceTree = "<group>"; };
		049FAA9A1B05DF6200651FC3 /* splash.png */ = {isa = PBXFileReference; lastKnownFileType = image.png; path = splash.png; sourceTree = "<group>"; };
		049FAA9B1B05DF6200651FC3 /* splash@3x.png */ = {isa = PBXFileReference; lastKnownFileType = image.png; path = "splash@3x.png"; sourceTree = "<group>"; };
		04B70FE61A6E96D000FC0377 /* Fetcher.swift */ = {isa = PBXFileReference; fileEncoding = 4; lastKnownFileType = sourcecode.swift; path = Fetcher.swift; sourceTree = "<group>"; };
		04B70FE91A6E994500FC0377 /* RemoteComic.swift */ = {isa = PBXFileReference; fileEncoding = 4; lastKnownFileType = sourcecode.swift; path = RemoteComic.swift; sourceTree = "<group>"; };
		04B70FF41A6EACDA00FC0377 /* HTMLScanner.swift */ = {isa = PBXFileReference; fileEncoding = 4; lastKnownFileType = sourcecode.swift; path = HTMLScanner.swift; sourceTree = "<group>"; };
		04B70FF61A6EAD1500FC0377 /* HTMLString.swift */ = {isa = PBXFileReference; fileEncoding = 4; lastKnownFileType = sourcecode.swift; path = HTMLString.swift; sourceTree = "<group>"; };
		04F65F091AD3E25900E42BE0 /* Comic.swift */ = {isa = PBXFileReference; fileEncoding = 4; lastKnownFileType = sourcecode.swift; path = Comic.swift; sourceTree = "<group>"; };
		04F65F0B1AD3E29A00E42BE0 /* ComicDao.swift */ = {isa = PBXFileReference; fileEncoding = 4; lastKnownFileType = sourcecode.swift; path = ComicDao.swift; sourceTree = "<group>"; };
/* End PBXFileReference section */

/* Begin PBXFrameworksBuildPhase section */
		04445E101A5D716500B3C6A0 /* Frameworks */ = {
			isa = PBXFrameworksBuildPhase;
			buildActionMask = 2147483647;
			files = (
				049FAA941B05959500651FC3 /* Social.framework in Frameworks */,
			);
			runOnlyForDeploymentPostprocessing = 0;
		};
		04445E281A5D716600B3C6A0 /* Frameworks */ = {
			isa = PBXFrameworksBuildPhase;
			buildActionMask = 2147483647;
			files = (
			);
			runOnlyForDeploymentPostprocessing = 0;
		};
/* End PBXFrameworksBuildPhase section */

/* Begin PBXGroup section */
		04445E0A1A5D716500B3C6A0 = {
			isa = PBXGroup;
			children = (
				049FAA931B05959500651FC3 /* Social.framework */,
				04445E151A5D716500B3C6A0 /* WebMangaAntennaReader */,
				04445E2E1A5D716600B3C6A0 /* WebMangaAntennaReaderTests */,
				04445E141A5D716500B3C6A0 /* Products */,
			);
			sourceTree = "<group>";
		};
		04445E141A5D716500B3C6A0 /* Products */ = {
			isa = PBXGroup;
			children = (
				04445E131A5D716500B3C6A0 /* WebMangaAntennaReader.app */,
				04445E2B1A5D716600B3C6A0 /* WebMangaAntennaReaderTests.xctest */,
			);
			name = Products;
			sourceTree = "<group>";
		};
		04445E151A5D716500B3C6A0 /* WebMangaAntennaReader */ = {
			isa = PBXGroup;
			children = (
				04B70FF81A7C4F0B00FC0377 /* test */,
				044D55091ADF98A3008312E9 /* Controllers */,
				04B70FE81A6E990300FC0377 /* Models */,
				044D550A1ADF98E7008312E9 /* Widgets */,
				04B70FF31A6EACB700FC0377 /* Extentions */,
				04B70FE51A6E969E00FC0377 /* HTTP */,
				04445E181A5D716500B3C6A0 /* AppDelegate.swift */,
				044D550B1ADFAE37008312E9 /* Constants.swift */,
				04445E221A5D716500B3C6A0 /* Images.xcassets */,
				04445E241A5D716500B3C6A0 /* LaunchScreen.xib */,
				04445E1F1A5D716500B3C6A0 /* Main.storyboard */,
				04445E1A1A5D716500B3C6A0 /* WebMangaAntennaReader.xcdatamodeld */,
				04445E161A5D716500B3C6A0 /* Supporting Files */,
			);
			path = WebMangaAntennaReader;
			sourceTree = "<group>";
		};
		04445E161A5D716500B3C6A0 /* Supporting Files */ = {
			isa = PBXGroup;
			children = (
				049FAA991B05DDD300651FC3 /* assets */,
				04445E171A5D716500B3C6A0 /* Info.plist */,
			);
			name = "Supporting Files";
			sourceTree = "<group>";
		};
		04445E2E1A5D716600B3C6A0 /* WebMangaAntennaReaderTests */ = {
			isa = PBXGroup;
			children = (
				04445E311A5D716600B3C6A0 /* WebMangaAntennaReaderTests.swift */,
				04445E2F1A5D716600B3C6A0 /* Supporting Files */,
			);
			path = WebMangaAntennaReaderTests;
			sourceTree = "<group>";
		};
		04445E2F1A5D716600B3C6A0 /* Supporting Files */ = {
			isa = PBXGroup;
			children = (
				04445E301A5D716600B3C6A0 /* Info.plist */,
			);
			name = "Supporting Files";
			sourceTree = "<group>";
		};
		044D55091ADF98A3008312E9 /* Controllers */ = {
			isa = PBXGroup;
			children = (
				04445E1D1A5D716500B3C6A0 /* ComicsViewController.swift */,
				044D55071ADF988D008312E9 /* ListSettingViewController.swift */,
				043A4CF31AD92C4600FF1009 /* WebViewController.swift */,
				049FAA8F1B04985100651FC3 /* SettingViewController.swift */,
			);
			name = Controllers;
			sourceTree = "<group>";
		};
		044D550A1ADF98E7008312E9 /* Widgets */ = {
			isa = PBXGroup;
			children = (
				04445E3B1A5D765900B3C6A0 /* ComicCell.swift */,
			);
			name = Widgets;
			sourceTree = "<group>";
		};
		049FAA991B05DDD300651FC3 /* assets */ = {
			isa = PBXGroup;
			children = (
				049FAA9A1B05DF6200651FC3 /* splash.png */,
				049FAA9B1B05DF6200651FC3 /* splash@3x.png */,
				049FAA971B05DDB000651FC3 /* splash@2x.png */,
			);
			name = assets;
			sourceTree = "<group>";
		};
		04B70FE51A6E969E00FC0377 /* HTTP */ = {
			isa = PBXGroup;
			children = (
				04B70FE91A6E994500FC0377 /* RemoteComic.swift */,
				04B70FE61A6E96D000FC0377 /* Fetcher.swift */,
			);
			name = HTTP;
			sourceTree = "<group>";
		};
		04B70FE81A6E990300FC0377 /* Models */ = {
			isa = PBXGroup;
			children = (
				04F65F091AD3E25900E42BE0 /* Comic.swift */,
				04F65F0B1AD3E29A00E42BE0 /* ComicDao.swift */,
			);
			name = Models;
			sourceTree = "<group>";
		};
		04B70FF31A6EACB700FC0377 /* Extentions */ = {
			isa = PBXGroup;
			children = (
				04B70FF41A6EACDA00FC0377 /* HTMLScanner.swift */,
				04B70FF61A6EAD1500FC0377 /* HTMLString.swift */,
			);
			name = Extentions;
			sourceTree = "<group>";
		};
		04B70FF81A7C4F0B00FC0377 /* test */ = {
			isa = PBXGroup;
			children = (
			);
			path = test;
			sourceTree = "<group>";
		};
/* End PBXGroup section */

/* Begin PBXNativeTarget section */
		04445E121A5D716500B3C6A0 /* WebMangaAntennaReader */ = {
			isa = PBXNativeTarget;
			buildConfigurationList = 04445E351A5D716600B3C6A0 /* Build configuration list for PBXNativeTarget "WebMangaAntennaReader" */;
			buildPhases = (
				04445E0F1A5D716500B3C6A0 /* Sources */,
				04445E101A5D716500B3C6A0 /* Frameworks */,
				04445E111A5D716500B3C6A0 /* Resources */,
			);
			buildRules = (
			);
			dependencies = (
			);
			name = WebMangaAntennaReader;
			productName = WebMangaAntennaReader;
			productReference = 04445E131A5D716500B3C6A0 /* WebMangaAntennaReader.app */;
			productType = "com.apple.product-type.application";
		};
		04445E2A1A5D716600B3C6A0 /* WebMangaAntennaReaderTests */ = {
			isa = PBXNativeTarget;
			buildConfigurationList = 04445E381A5D716600B3C6A0 /* Build configuration list for PBXNativeTarget "WebMangaAntennaReaderTests" */;
			buildPhases = (
				04445E271A5D716600B3C6A0 /* Sources */,
				04445E281A5D716600B3C6A0 /* Frameworks */,
				04445E291A5D716600B3C6A0 /* Resources */,
			);
			buildRules = (
			);
			dependencies = (
				04445E2D1A5D716600B3C6A0 /* PBXTargetDependency */,
			);
			name = WebMangaAntennaReaderTests;
			productName = WebMangaAntennaReaderTests;
			productReference = 04445E2B1A5D716600B3C6A0 /* WebMangaAntennaReaderTests.xctest */;
			productType = "com.apple.product-type.bundle.unit-test";
		};
/* End PBXNativeTarget section */

/* Begin PBXProject section */
		04445E0B1A5D716500B3C6A0 /* Project object */ = {
			isa = PBXProject;
			attributes = {
				LastUpgradeCheck = 0610;
				ORGANIZATIONNAME = "Takashi Hagura";
				TargetAttributes = {
					04445E121A5D716500B3C6A0 = {
						CreatedOnToolsVersion = 6.1.1;
						DevelopmentTeam = U687LNX3DY;
						SystemCapabilities = {
							com.apple.BackgroundModes = {
								enabled = 1;
							};
						};
					};
					04445E2A1A5D716600B3C6A0 = {
						CreatedOnToolsVersion = 6.1.1;
						TestTargetID = 04445E121A5D716500B3C6A0;
					};
				};
			};
			buildConfigurationList = 04445E0E1A5D716500B3C6A0 /* Build configuration list for PBXProject "WebMangaAntennaReader" */;
			compatibilityVersion = "Xcode 3.2";
			developmentRegion = English;
			hasScannedForEncodings = 0;
			knownRegions = (
				Base,
			);
			mainGroup = 04445E0A1A5D716500B3C6A0;
			productRefGroup = 04445E141A5D716500B3C6A0 /* Products */;
			projectDirPath = "";
			projectRoot = "";
			targets = (
				04445E121A5D716500B3C6A0 /* WebMangaAntennaReader */,
				04445E2A1A5D716600B3C6A0 /* WebMangaAntennaReaderTests */,
			);
		};
/* End PBXProject section */

/* Begin PBXResourcesBuildPhase section */
		04445E111A5D716500B3C6A0 /* Resources */ = {
			isa = PBXResourcesBuildPhase;
			buildActionMask = 2147483647;
			files = (
				04445E211A5D716500B3C6A0 /* Main.storyboard in Resources */,
				049FAA981B05DDB000651FC3 /* splash@2x.png in Resources */,
				04445E261A5D716500B3C6A0 /* LaunchScreen.xib in Resources */,
				04445E231A5D716500B3C6A0 /* Images.xcassets in Resources */,
				049FAA9D1B05DF6200651FC3 /* splash@3x.png in Resources */,
				049FAA9C1B05DF6200651FC3 /* splash.png in Resources */,
			);
			runOnlyForDeploymentPostprocessing = 0;
		};
		04445E291A5D716600B3C6A0 /* Resources */ = {
			isa = PBXResourcesBuildPhase;
			buildActionMask = 2147483647;
			files = (
			);
			runOnlyForDeploymentPostprocessing = 0;
		};
/* End PBXResourcesBuildPhase section */

/* Begin PBXSourcesBuildPhase section */
		04445E0F1A5D716500B3C6A0 /* Sources */ = {
			isa = PBXSourcesBuildPhase;
			buildActionMask = 2147483647;
			files = (
				04445E1E1A5D716500B3C6A0 /* ComicsViewController.swift in Sources */,
				043A4CF41AD92C4600FF1009 /* WebViewController.swift in Sources */,
				049FAA901B04985100651FC3 /* SettingViewController.swift in Sources */,
				04B70FEA1A6E994500FC0377 /* RemoteComic.swift in Sources */,
				04445E3C1A5D765900B3C6A0 /* ComicCell.swift in Sources */,
				04B70FF51A6EACDA00FC0377 /* HTMLScanner.swift in Sources */,
				04F65F0C1AD3E29A00E42BE0 /* ComicDao.swift in Sources */,
				04445E1C1A5D716500B3C6A0 /* WebMangaAntennaReader.xcdatamodeld in Sources */,
				044D550C1ADFAE37008312E9 /* Constants.swift in Sources */,
				04B70FE71A6E96D000FC0377 /* Fetcher.swift in Sources */,
				04B70FF71A6EAD1500FC0377 /* HTMLString.swift in Sources */,
				04F65F0A1AD3E25900E42BE0 /* Comic.swift in Sources */,
				04445E191A5D716500B3C6A0 /* AppDelegate.swift in Sources */,
				044D55081ADF988D008312E9 /* ListSettingViewController.swift in Sources */,
			);
			runOnlyForDeploymentPostprocessing = 0;
		};
		04445E271A5D716600B3C6A0 /* Sources */ = {
			isa = PBXSourcesBuildPhase;
			buildActionMask = 2147483647;
			files = (
				04445E321A5D716600B3C6A0 /* WebMangaAntennaReaderTests.swift in Sources */,
			);
			runOnlyForDeploymentPostprocessing = 0;
		};
/* End PBXSourcesBuildPhase section */

/* Begin PBXTargetDependency section */
		04445E2D1A5D716600B3C6A0 /* PBXTargetDependency */ = {
			isa = PBXTargetDependency;
			target = 04445E121A5D716500B3C6A0 /* WebMangaAntennaReader */;
			targetProxy = 04445E2C1A5D716600B3C6A0 /* PBXContainerItemProxy */;
		};
/* End PBXTargetDependency section */

/* Begin PBXVariantGroup section */
		04445E1F1A5D716500B3C6A0 /* Main.storyboard */ = {
			isa = PBXVariantGroup;
			children = (
				04445E201A5D716500B3C6A0 /* Base */,
				04445E3D1A5D883F00B3C6A0 /* ja */,
			);
			name = Main.storyboard;
			sourceTree = "<group>";
		};
		04445E241A5D716500B3C6A0 /* LaunchScreen.xib */ = {
			isa = PBXVariantGroup;
			children = (
				04445E251A5D716500B3C6A0 /* Base */,
				04445E3E1A5D883F00B3C6A0 /* ja */,
			);
			name = LaunchScreen.xib;
			sourceTree = "<group>";
		};
/* End PBXVariantGroup section */

/* Begin XCBuildConfiguration section */
		04445E331A5D716600B3C6A0 /* Debug */ = {
			isa = XCBuildConfiguration;
			buildSettings = {
				ALWAYS_SEARCH_USER_PATHS = NO;
				CLANG_CXX_LANGUAGE_STANDARD = "gnu++0x";
				CLANG_CXX_LIBRARY = "libc++";
				CLANG_ENABLE_MODULES = YES;
				CLANG_ENABLE_OBJC_ARC = YES;
				CLANG_WARN_BOOL_CONVERSION = YES;
				CLANG_WARN_CONSTANT_CONVERSION = YES;
				CLANG_WARN_DIRECT_OBJC_ISA_USAGE = YES_ERROR;
				CLANG_WARN_EMPTY_BODY = YES;
				CLANG_WARN_ENUM_CONVERSION = YES;
				CLANG_WARN_INT_CONVERSION = YES;
				CLANG_WARN_OBJC_ROOT_CLASS = YES_ERROR;
				CLANG_WARN_UNREACHABLE_CODE = YES;
				CLANG_WARN__DUPLICATE_METHOD_MATCH = YES;
				"CODE_SIGN_IDENTITY[sdk=iphoneos*]" = "iPhone Developer";
				COPY_PHASE_STRIP = NO;
				ENABLE_STRICT_OBJC_MSGSEND = YES;
				GCC_C_LANGUAGE_STANDARD = gnu99;
				GCC_DYNAMIC_NO_PIC = NO;
				GCC_OPTIMIZATION_LEVEL = 0;
				GCC_PREPROCESSOR_DEFINITIONS = (
					"DEBUG=1",
					"$(inherited)",
				);
				GCC_SYMBOLS_PRIVATE_EXTERN = NO;
				GCC_WARN_64_TO_32_BIT_CONVERSION = YES;
				GCC_WARN_ABOUT_RETURN_TYPE = YES_ERROR;
				GCC_WARN_UNDECLARED_SELECTOR = YES;
				GCC_WARN_UNINITIALIZED_AUTOS = YES_AGGRESSIVE;
				GCC_WARN_UNUSED_FUNCTION = YES;
				GCC_WARN_UNUSED_VARIABLE = YES;
				HEADER_SEARCH_PATHS = (
					"$(inherited)",
					/Applications/Xcode.app/Contents/Developer/Toolchains/XcodeDefault.xctoolchain/usr/include,
					/usr/include/libxml2,
				);
				IPHONEOS_DEPLOYMENT_TARGET = 8.3;
				MTL_ENABLE_DEBUG_INFO = YES;
				ONLY_ACTIVE_ARCH = YES;
				SDKROOT = iphoneos;
				SWIFT_OBJC_BRIDGING_HEADER = "";
				SWIFT_OPTIMIZATION_LEVEL = "-Onone";
				TARGETED_DEVICE_FAMILY = "1,2";
				VALIDATE_PRODUCT = YES;
			};
			name = Debug;
		};
		04445E341A5D716600B3C6A0 /* Release */ = {
			isa = XCBuildConfiguration;
			buildSettings = {
				ALWAYS_SEARCH_USER_PATHS = NO;
				CLANG_CXX_LANGUAGE_STANDARD = "gnu++0x";
				CLANG_CXX_LIBRARY = "libc++";
				CLANG_ENABLE_MODULES = YES;
				CLANG_ENABLE_OBJC_ARC = YES;
				CLANG_WARN_BOOL_CONVERSION = YES;
				CLANG_WARN_CONSTANT_CONVERSION = YES;
				CLANG_WARN_DIRECT_OBJC_ISA_USAGE = YES_ERROR;
				CLANG_WARN_EMPTY_BODY = YES;
				CLANG_WARN_ENUM_CONVERSION = YES;
				CLANG_WARN_INT_CONVERSION = YES;
				CLANG_WARN_OBJC_ROOT_CLASS = YES_ERROR;
				CLANG_WARN_UNREACHABLE_CODE = YES;
				CLANG_WARN__DUPLICATE_METHOD_MATCH = YES;
				CODE_SIGN_IDENTITY = "iPhone Distribution: Takashi Haguro (U687LNX3DY)";
				"CODE_SIGN_IDENTITY[sdk=*]" = "iPhone Distribution: Takashi Haguro (U687LNX3DY)";
				COPY_PHASE_STRIP = YES;
				ENABLE_NS_ASSERTIONS = NO;
				ENABLE_STRICT_OBJC_MSGSEND = YES;
				GCC_C_LANGUAGE_STANDARD = gnu99;
				GCC_WARN_64_TO_32_BIT_CONVERSION = YES;
				GCC_WARN_ABOUT_RETURN_TYPE = YES_ERROR;
				GCC_WARN_UNDECLARED_SELECTOR = YES;
				GCC_WARN_UNINITIALIZED_AUTOS = YES_AGGRESSIVE;
				GCC_WARN_UNUSED_FUNCTION = YES;
				GCC_WARN_UNUSED_VARIABLE = YES;
				HEADER_SEARCH_PATHS = (
					"$(inherited)",
					/Applications/Xcode.app/Contents/Developer/Toolchains/XcodeDefault.xctoolchain/usr/include,
					/usr/include/libxml2,
				);
				IPHONEOS_DEPLOYMENT_TARGET = 8.3;
				MTL_ENABLE_DEBUG_INFO = NO;
				SDKROOT = iphoneos;
				SWIFT_OBJC_BRIDGING_HEADER = "";
				TARGETED_DEVICE_FAMILY = "1,2";
				VALIDATE_PRODUCT = NO;
			};
			name = Release;
		};
		04445E361A5D716600B3C6A0 /* Debug */ = {
			isa = XCBuildConfiguration;
			buildSettings = {
				ASSETCATALOG_COMPILER_APPICON_NAME = AppIcon;
				CODE_SIGN_IDENTITY = "iPhone Developer";
				"CODE_SIGN_IDENTITY[sdk=iphoneos*]" = "iPhone Developer";
				HEADER_SEARCH_PATHS = (
					"$(inherited)",
					/Applications/Xcode.app/Contents/Developer/Toolchains/XcodeDefault.xctoolchain/usr/include,
				);
				INFOPLIST_FILE = WebMangaAntennaReader/Info.plist;
				LD_RUNPATH_SEARCH_PATHS = "$(inherited) @executable_path/Frameworks";
				PRODUCT_NAME = "$(TARGET_NAME)";
				PROVISIONING_PROFILE = "";
				SWIFT_OBJC_BRIDGING_HEADER = "";
			};
			name = Debug;
		};
		04445E371A5D716600B3C6A0 /* Release */ = {
			isa = XCBuildConfiguration;
			buildSettings = {
				ASSETCATALOG_COMPILER_APPICON_NAME = AppIcon;
				CODE_SIGN_IDENTITY = "iPhone Developer";
				"CODE_SIGN_IDENTITY[sdk=iphoneos*]" = "iPhone Developer";
				HEADER_SEARCH_PATHS = (
					"$(inherited)",
					/Applications/Xcode.app/Contents/Developer/Toolchains/XcodeDefault.xctoolchain/usr/include,
				);
				INFOPLIST_FILE = WebMangaAntennaReader/Info.plist;
				LD_RUNPATH_SEARCH_PATHS = "$(inherited) @executable_path/Frameworks";
				PRODUCT_NAME = "$(TARGET_NAME)";
				PROVISIONING_PROFILE = "";
				SWIFT_OBJC_BRIDGING_HEADER = "";
			};
			name = Release;
		};
		04445E391A5D716600B3C6A0 /* Debug */ = {
			isa = XCBuildConfiguration;
			buildSettings = {
				BUNDLE_LOADER = "$(TEST_HOST)";
				FRAMEWORK_SEARCH_PATHS = (
					"$(SDKROOT)/Developer/Library/Frameworks",
					"$(inherited)",
				);
				GCC_PREPROCESSOR_DEFINITIONS = (
					"DEBUG=1",
					"$(inherited)",
				);
				INFOPLIST_FILE = WebMangaAntennaReaderTests/Info.plist;
				LD_RUNPATH_SEARCH_PATHS = "$(inherited) @executable_path/Frameworks @loader_path/Frameworks";
				PRODUCT_NAME = "$(TARGET_NAME)";
				TEST_HOST = "$(BUILT_PRODUCTS_DIR)/WebMangaAntennaReader.app/WebMangaAntennaReader";
			};
			name = Debug;
		};
		04445E3A1A5D716600B3C6A0 /* Release */ = {
			isa = XCBuildConfiguration;
			buildSettings = {
				BUNDLE_LOADER = "$(TEST_HOST)";
				FRAMEWORK_SEARCH_PATHS = (
					"$(SDKROOT)/Developer/Library/Frameworks",
					"$(inherited)",
				);
				INFOPLIST_FILE = WebMangaAntennaReaderTests/Info.plist;
				LD_RUNPATH_SEARCH_PATHS = "$(inherited) @executable_path/Frameworks @loader_path/Frameworks";
				PRODUCT_NAME = "$(TARGET_NAME)";
				TEST_HOST = "$(BUILT_PRODUCTS_DIR)/WebMangaAntennaReader.app/WebMangaAntennaReader";
			};
			name = Release;
		};
/* End XCBuildConfiguration section */

/* Begin XCConfigurationList section */
		04445E0E1A5D716500B3C6A0 /* Build configuration list for PBXProject "WebMangaAntennaReader" */ = {
			isa = XCConfigurationList;
			buildConfigurations = (
				04445E331A5D716600B3C6A0 /* Debug */,
				04445E341A5D716600B3C6A0 /* Release */,
			);
			defaultConfigurationIsVisible = 0;
			defaultConfigurationName = Release;
		};
		04445E351A5D716600B3C6A0 /* Build configuration list for PBXNativeTarget "WebMangaAntennaReader" */ = {
			isa = XCConfigurationList;
			buildConfigurations = (
				04445E361A5D716600B3C6A0 /* Debug */,
				04445E371A5D716600B3C6A0 /* Release */,
			);
			defaultConfigurationIsVisible = 0;
			defaultConfigurationName = Release;
		};
		04445E381A5D716600B3C6A0 /* Build configuration list for PBXNativeTarget "WebMangaAntennaReaderTests" */ = {
			isa = XCConfigurationList;
			buildConfigurations = (
				04445E391A5D716600B3C6A0 /* Debug */,
				04445E3A1A5D716600B3C6A0 /* Release */,
			);
			defaultConfigurationIsVisible = 0;
			defaultConfigurationName = Release;
		};
/* End XCConfigurationList section */

/* Begin XCVersionGroup section */
		04445E1A1A5D716500B3C6A0 /* WebMangaAntennaReader.xcdatamodeld */ = {
			isa = XCVersionGroup;
			children = (
				04445E1B1A5D716500B3C6A0 /* WebMangaAntennaReader.xcdatamodel */,
			);
			currentVersion = 04445E1B1A5D716500B3C6A0 /* WebMangaAntennaReader.xcdatamodel */;
			path = WebMangaAntennaReader.xcdatamodeld;
			sourceTree = "<group>";
			versionGroupType = wrapper.xcdatamodel;
		};
/* End XCVersionGroup section */
	};
	rootObject = 04445E0B1A5D716500B3C6A0 /* Project object */;
}
